// !$*UTF8*$!
{
	archiveVersion = 1;
	classes = {
	};
	objectVersion = 56;
	objects = {

/* Begin PBXBuildFile section */
		B10593AA2B892D9900452868 /* Welcome.storyboard in Resources */ = {isa = PBXBuildFile; fileRef = B10593A92B892D9900452868 /* Welcome.storyboard */; };
		B10593AC2B896C5800452868 /* WelcomeViewController.swift in Sources */ = {isa = PBXBuildFile; fileRef = B10593AB2B896C5800452868 /* WelcomeViewController.swift */; };
		B10593AE2B896C6300452868 /* LoginViewController.swift in Sources */ = {isa = PBXBuildFile; fileRef = B10593AD2B896C6300452868 /* LoginViewController.swift */; };
		B10593B02B896C6B00452868 /* RegisterViewController.swift in Sources */ = {isa = PBXBuildFile; fileRef = B10593AF2B896C6B00452868 /* RegisterViewController.swift */; };
		B10593B32B89726000452868 /* Home.storyboard in Resources */ = {isa = PBXBuildFile; fileRef = B10593B22B89726000452868 /* Home.storyboard */; };
		B1CBACCD2B8928F700A01E75 /* AppDelegate.swift in Sources */ = {isa = PBXBuildFile; fileRef = B1CBACCC2B8928F700A01E75 /* AppDelegate.swift */; };
		B1CBACCF2B8928F700A01E75 /* SceneDelegate.swift in Sources */ = {isa = PBXBuildFile; fileRef = B1CBACCE2B8928F700A01E75 /* SceneDelegate.swift */; };
		B1CBACD12B8928F700A01E75 /* ViewController.swift in Sources */ = {isa = PBXBuildFile; fileRef = B1CBACD02B8928F700A01E75 /* ViewController.swift */; };
		B1CBACD62B8928F800A01E75 /* Assets.xcassets in Resources */ = {isa = PBXBuildFile; fileRef = B1CBACD52B8928F800A01E75 /* Assets.xcassets */; };
		B1CBACD92B8928F800A01E75 /* LaunchScreen.storyboard in Resources */ = {isa = PBXBuildFile; fileRef = B1CBACD72B8928F800A01E75 /* LaunchScreen.storyboard */; };
		D5A53CC7B2B1342EB9526480 /* Pods_PlatziTweets.framework in Frameworks */ = {isa = PBXBuildFile; fileRef = B39F863AB222332F2325ECD3 /* Pods_PlatziTweets.framework */; };
/* End PBXBuildFile section */

/* Begin PBXFileReference section */
		617C143C88118DF882C92CCE /* Pods-PlatziTweets.debug.xcconfig */ = {isa = PBXFileReference; includeInIndex = 1; lastKnownFileType = text.xcconfig; name = "Pods-PlatziTweets.debug.xcconfig"; path = "Target Support Files/Pods-PlatziTweets/Pods-PlatziTweets.debug.xcconfig"; sourceTree = "<group>"; };
		B10593A92B892D9900452868 /* Welcome.storyboard */ = {isa = PBXFileReference; lastKnownFileType = file.storyboard; path = Welcome.storyboard; sourceTree = "<group>"; };
		B10593AB2B896C5800452868 /* WelcomeViewController.swift */ = {isa = PBXFileReference; lastKnownFileType = sourcecode.swift; path = WelcomeViewController.swift; sourceTree = "<group>"; };
		B10593AD2B896C6300452868 /* LoginViewController.swift */ = {isa = PBXFileReference; lastKnownFileType = sourcecode.swift; path = LoginViewController.swift; sourceTree = "<group>"; };
		B10593AF2B896C6B00452868 /* RegisterViewController.swift */ = {isa = PBXFileReference; lastKnownFileType = sourcecode.swift; path = RegisterViewController.swift; sourceTree = "<group>"; };
		B10593B22B89726000452868 /* Home.storyboard */ = {isa = PBXFileReference; lastKnownFileType = file.storyboard; path = Home.storyboard; sourceTree = "<group>"; };
		B1CBACC92B8928F700A01E75 /* PlatziTweets.app */ = {isa = PBXFileReference; explicitFileType = wrapper.application; includeInIndex = 0; path = PlatziTweets.app; sourceTree = BUILT_PRODUCTS_DIR; };
		B1CBACCC2B8928F700A01E75 /* AppDelegate.swift */ = {isa = PBXFileReference; lastKnownFileType = sourcecode.swift; path = AppDelegate.swift; sourceTree = "<group>"; };
		B1CBACCE2B8928F700A01E75 /* SceneDelegate.swift */ = {isa = PBXFileReference; lastKnownFileType = sourcecode.swift; path = SceneDelegate.swift; sourceTree = "<group>"; };
		B1CBACD02B8928F700A01E75 /* ViewController.swift */ = {isa = PBXFileReference; lastKnownFileType = sourcecode.swift; path = ViewController.swift; sourceTree = "<group>"; };
		B1CBACD52B8928F800A01E75 /* Assets.xcassets */ = {isa = PBXFileReference; lastKnownFileType = folder.assetcatalog; path = Assets.xcassets; sourceTree = "<group>"; };
		B1CBACD82B8928F800A01E75 /* Base */ = {isa = PBXFileReference; lastKnownFileType = file.storyboard; name = Base; path = Base.lproj/LaunchScreen.storyboard; sourceTree = "<group>"; };
		B1CBACDA2B8928F800A01E75 /* Info.plist */ = {isa = PBXFileReference; lastKnownFileType = text.plist.xml; path = Info.plist; sourceTree = "<group>"; };
		B39F863AB222332F2325ECD3 /* Pods_PlatziTweets.framework */ = {isa = PBXFileReference; explicitFileType = wrapper.framework; includeInIndex = 0; path = Pods_PlatziTweets.framework; sourceTree = BUILT_PRODUCTS_DIR; };
		E2C7B3C274881B2A74E76F8A /* Pods-PlatziTweets.release.xcconfig */ = {isa = PBXFileReference; includeInIndex = 1; lastKnownFileType = text.xcconfig; name = "Pods-PlatziTweets.release.xcconfig"; path = "Target Support Files/Pods-PlatziTweets/Pods-PlatziTweets.release.xcconfig"; sourceTree = "<group>"; };
/* End PBXFileReference section */

/* Begin PBXFrameworksBuildPhase section */
		B1CBACC62B8928F700A01E75 /* Frameworks */ = {
			isa = PBXFrameworksBuildPhase;
			buildActionMask = 2147483647;
			files = (
				D5A53CC7B2B1342EB9526480 /* Pods_PlatziTweets.framework in Frameworks */,
			);
			runOnlyForDeploymentPostprocessing = 0;
		};
/* End PBXFrameworksBuildPhase section */

/* Begin PBXGroup section */
		78A4E13FF0FF98A80B79B125 /* Frameworks */ = {
			isa = PBXGroup;
			children = (
				B39F863AB222332F2325ECD3 /* Pods_PlatziTweets.framework */,
			);
			name = Frameworks;
			sourceTree = "<group>";
		};
		9AD9B19EBA9BAEE9BBE70651 /* Pods */ = {
			isa = PBXGroup;
			children = (
				617C143C88118DF882C92CCE /* Pods-PlatziTweets.debug.xcconfig */,
				E2C7B3C274881B2A74E76F8A /* Pods-PlatziTweets.release.xcconfig */,
			);
			path = Pods;
			sourceTree = "<group>";
		};
		B10593A62B892D5E00452868 /* Commons */ = {
			isa = PBXGroup;
			children = (
				B1CBACCC2B8928F700A01E75 /* AppDelegate.swift */,
				B1CBACCE2B8928F700A01E75 /* SceneDelegate.swift */,
				B1CBACD02B8928F700A01E75 /* ViewController.swift */,
				B1CBACD52B8928F800A01E75 /* Assets.xcassets */,
				B1CBACD72B8928F800A01E75 /* LaunchScreen.storyboard */,
			);
			path = Commons;
			sourceTree = "<group>";
		};
		B10593A72B892D6400452868 /* Modules */ = {
			isa = PBXGroup;
			children = (
				B10593B12B89725500452868 /* Home */,
				B10593A82B892D7A00452868 /* Welcome */,
			);
			path = Modules;
			sourceTree = "<group>";
		};
		B10593A82B892D7A00452868 /* Welcome */ = {
			isa = PBXGroup;
			children = (
				B10593A92B892D9900452868 /* Welcome.storyboard */,
				B10593AB2B896C5800452868 /* WelcomeViewController.swift */,
				B10593AD2B896C6300452868 /* LoginViewController.swift */,
				B10593AF2B896C6B00452868 /* RegisterViewController.swift */,
			);
			path = Welcome;
			sourceTree = "<group>";
		};
		B10593B12B89725500452868 /* Home */ = {
			isa = PBXGroup;
			children = (
				B10593B22B89726000452868 /* Home.storyboard */,
			);
			path = Home;
			sourceTree = "<group>";
		};
		B1CBACC02B8928F700A01E75 = {
			isa = PBXGroup;
			children = (
				B1CBACCB2B8928F700A01E75 /* PlatziTweets */,
				B1CBACCA2B8928F700A01E75 /* Products */,
				9AD9B19EBA9BAEE9BBE70651 /* Pods */,
				78A4E13FF0FF98A80B79B125 /* Frameworks */,
			);
			sourceTree = "<group>";
		};
		B1CBACCA2B8928F700A01E75 /* Products */ = {
			isa = PBXGroup;
			children = (
				B1CBACC92B8928F700A01E75 /* PlatziTweets.app */,
			);
			name = Products;
			sourceTree = "<group>";
		};
		B1CBACCB2B8928F700A01E75 /* PlatziTweets */ = {
			isa = PBXGroup;
			children = (
				B10593A72B892D6400452868 /* Modules */,
				B10593A62B892D5E00452868 /* Commons */,
				B1CBACDA2B8928F800A01E75 /* Info.plist */,
			);
			path = PlatziTweets;
			sourceTree = "<group>";
		};
/* End PBXGroup section */

/* Begin PBXNativeTarget section */
		B1CBACC82B8928F700A01E75 /* PlatziTweets */ = {
			isa = PBXNativeTarget;
			buildConfigurationList = B1CBACDD2B8928F800A01E75 /* Build configuration list for PBXNativeTarget "PlatziTweets" */;
			buildPhases = (
				6CE5E7089131349552EF87D8 /* [CP] Check Pods Manifest.lock */,
				B1CBACC52B8928F700A01E75 /* Sources */,
				B1CBACC62B8928F700A01E75 /* Frameworks */,
				B1CBACC72B8928F700A01E75 /* Resources */,
				B843FEB2535703800106D5E6 /* [CP] Embed Pods Frameworks */,
			);
			buildRules = (
			);
			dependencies = (
			);
			name = PlatziTweets;
			productName = PlatziTweets;
			productReference = B1CBACC92B8928F700A01E75 /* PlatziTweets.app */;
			productType = "com.apple.product-type.application";
		};
/* End PBXNativeTarget section */

/* Begin PBXProject section */
		B1CBACC12B8928F700A01E75 /* Project object */ = {
			isa = PBXProject;
			attributes = {
				BuildIndependentTargetsInParallel = 1;
				LastSwiftUpdateCheck = 1520;
				LastUpgradeCheck = 1520;
				TargetAttributes = {
					B1CBACC82B8928F700A01E75 = {
						CreatedOnToolsVersion = 15.2;
					};
				};
			};
			buildConfigurationList = B1CBACC42B8928F700A01E75 /* Build configuration list for PBXProject "PlatziTweets" */;
			compatibilityVersion = "Xcode 14.0";
			developmentRegion = en;
			hasScannedForEncodings = 0;
			knownRegions = (
				en,
				Base,
			);
			mainGroup = B1CBACC02B8928F700A01E75;
			productRefGroup = B1CBACCA2B8928F700A01E75 /* Products */;
			projectDirPath = "";
			projectRoot = "";
			targets = (
				B1CBACC82B8928F700A01E75 /* PlatziTweets */,
			);
		};
/* End PBXProject section */

/* Begin PBXResourcesBuildPhase section */
		B1CBACC72B8928F700A01E75 /* Resources */ = {
			isa = PBXResourcesBuildPhase;
			buildActionMask = 2147483647;
			files = (
				B1CBACD92B8928F800A01E75 /* LaunchScreen.storyboard in Resources */,
				B1CBACD62B8928F800A01E75 /* Assets.xcassets in Resources */,
				B10593AA2B892D9900452868 /* Welcome.storyboard in Resources */,
				B10593B32B89726000452868 /* Home.storyboard in Resources */,
			);
			runOnlyForDeploymentPostprocessing = 0;
		};
/* End PBXResourcesBuildPhase section */

/* Begin PBXShellScriptBuildPhase section */
		6CE5E7089131349552EF87D8 /* [CP] Check Pods Manifest.lock */ = {
			isa = PBXShellScriptBuildPhase;
			buildActionMask = 2147483647;
			files = (
			);
			inputFileListPaths = (
			);
			inputPaths = (
				"${PODS_PODFILE_DIR_PATH}/Podfile.lock",
				"${PODS_ROOT}/Manifest.lock",
			);
			name = "[CP] Check Pods Manifest.lock";
			outputFileListPaths = (
			);
			outputPaths = (
				"$(DERIVED_FILE_DIR)/Pods-PlatziTweets-checkManifestLockResult.txt",
			);
			runOnlyForDeploymentPostprocessing = 0;
			shellPath = /bin/sh;
			shellScript = "diff \"${PODS_PODFILE_DIR_PATH}/Podfile.lock\" \"${PODS_ROOT}/Manifest.lock\" > /dev/null\nif [ $? != 0 ] ; then\n    # print error to STDERR\n    echo \"error: The sandbox is not in sync with the Podfile.lock. Run 'pod install' or update your CocoaPods installation.\" >&2\n    exit 1\nfi\n# This output is used by Xcode 'outputs' to avoid re-running this script phase.\necho \"SUCCESS\" > \"${SCRIPT_OUTPUT_FILE_0}\"\n";
			showEnvVarsInLog = 0;
		};
		B843FEB2535703800106D5E6 /* [CP] Embed Pods Frameworks */ = {
			isa = PBXShellScriptBuildPhase;
			buildActionMask = 2147483647;
			files = (
			);
			inputFileListPaths = (
				"${PODS_ROOT}/Target Support Files/Pods-PlatziTweets/Pods-PlatziTweets-frameworks-${CONFIGURATION}-input-files.xcfilelist",
			);
			name = "[CP] Embed Pods Frameworks";
			outputFileListPaths = (
				"${PODS_ROOT}/Target Support Files/Pods-PlatziTweets/Pods-PlatziTweets-frameworks-${CONFIGURATION}-output-files.xcfilelist",
			);
			runOnlyForDeploymentPostprocessing = 0;
			shellPath = /bin/sh;
			shellScript = "\"${PODS_ROOT}/Target Support Files/Pods-PlatziTweets/Pods-PlatziTweets-frameworks.sh\"\n";
			showEnvVarsInLog = 0;
		};
/* End PBXShellScriptBuildPhase section */

/* Begin PBXSourcesBuildPhase section */
		B1CBACC52B8928F700A01E75 /* Sources */ = {
			isa = PBXSourcesBuildPhase;
			buildActionMask = 2147483647;
			files = (
				B1CBACD12B8928F700A01E75 /* ViewController.swift in Sources */,
				B10593AC2B896C5800452868 /* WelcomeViewController.swift in Sources */,
				B1CBACCD2B8928F700A01E75 /* AppDelegate.swift in Sources */,
				B10593B02B896C6B00452868 /* RegisterViewController.swift in Sources */,
				B10593AE2B896C6300452868 /* LoginViewController.swift in Sources */,
				B1CBACCF2B8928F700A01E75 /* SceneDelegate.swift in Sources */,
			);
			runOnlyForDeploymentPostprocessing = 0;
		};
/* End PBXSourcesBuildPhase section */

/* Begin PBXVariantGroup section */
		B1CBACD72B8928F800A01E75 /* LaunchScreen.storyboard */ = {
			isa = PBXVariantGroup;
			children = (
				B1CBACD82B8928F800A01E75 /* Base */,
			);
			name = LaunchScreen.storyboard;
			sourceTree = "<group>";
		};
/* End PBXVariantGroup section */

/* Begin XCBuildConfiguration section */
		B1CBACDB2B8928F800A01E75 /* Debug */ = {
			isa = XCBuildConfiguration;
			buildSettings = {
				ALWAYS_SEARCH_USER_PATHS = NO;
				ASSETCATALOG_COMPILER_GENERATE_SWIFT_ASSET_SYMBOL_EXTENSIONS = YES;
				CLANG_ANALYZER_NONNULL = YES;
				CLANG_ANALYZER_NUMBER_OBJECT_CONVERSION = YES_AGGRESSIVE;
				CLANG_CXX_LANGUAGE_STANDARD = "gnu++20";
				CLANG_ENABLE_MODULES = YES;
				CLANG_ENABLE_OBJC_ARC = YES;
				CLANG_ENABLE_OBJC_WEAK = YES;
				CLANG_WARN_BLOCK_CAPTURE_AUTORELEASING = YES;
				CLANG_WARN_BOOL_CONVERSION = YES;
				CLANG_WARN_COMMA = YES;
				CLANG_WARN_CONSTANT_CONVERSION = YES;
				CLANG_WARN_DEPRECATED_OBJC_IMPLEMENTATIONS = YES;
				CLANG_WARN_DIRECT_OBJC_ISA_USAGE = YES_ERROR;
				CLANG_WARN_DOCUMENTATION_COMMENTS = YES;
				CLANG_WARN_EMPTY_BODY = YES;
				CLANG_WARN_ENUM_CONVERSION = YES;
				CLANG_WARN_INFINITE_RECURSION = YES;
				CLANG_WARN_INT_CONVERSION = YES;
				CLANG_WARN_NON_LITERAL_NULL_CONVERSION = YES;
				CLANG_WARN_OBJC_IMPLICIT_RETAIN_SELF = YES;
				CLANG_WARN_OBJC_LITERAL_CONVERSION = YES;
				CLANG_WARN_OBJC_ROOT_CLASS = YES_ERROR;
				CLANG_WARN_QUOTED_INCLUDE_IN_FRAMEWORK_HEADER = YES;
				CLANG_WARN_RANGE_LOOP_ANALYSIS = YES;
				CLANG_WARN_STRICT_PROTOTYPES = YES;
				CLANG_WARN_SUSPICIOUS_MOVE = YES;
				CLANG_WARN_UNGUARDED_AVAILABILITY = YES_AGGRESSIVE;
				CLANG_WARN_UNREACHABLE_CODE = YES;
				CLANG_WARN__DUPLICATE_METHOD_MATCH = YES;
				COPY_PHASE_STRIP = NO;
				DEBUG_INFORMATION_FORMAT = dwarf;
				ENABLE_STRICT_OBJC_MSGSEND = YES;
				ENABLE_TESTABILITY = YES;
				ENABLE_USER_SCRIPT_SANDBOXING = YES;
				GCC_C_LANGUAGE_STANDARD = gnu17;
				GCC_DYNAMIC_NO_PIC = NO;
				GCC_NO_COMMON_BLOCKS = YES;
				GCC_OPTIMIZATION_LEVEL = 0;
				GCC_PREPROCESSOR_DEFINITIONS = (
					"DEBUG=1",
					"$(inherited)",
				);
				GCC_WARN_64_TO_32_BIT_CONVERSION = YES;
				GCC_WARN_ABOUT_RETURN_TYPE = YES_ERROR;
				GCC_WARN_UNDECLARED_SELECTOR = YES;
				GCC_WARN_UNINITIALIZED_AUTOS = YES_AGGRESSIVE;
				GCC_WARN_UNUSED_FUNCTION = YES;
				GCC_WARN_UNUSED_VARIABLE = YES;
				IPHONEOS_DEPLOYMENT_TARGET = 17.2;
				LOCALIZATION_PREFERS_STRING_CATALOGS = YES;
				MTL_ENABLE_DEBUG_INFO = INCLUDE_SOURCE;
				MTL_FAST_MATH = YES;
				ONLY_ACTIVE_ARCH = YES;
				SDKROOT = iphoneos;
				SWIFT_ACTIVE_COMPILATION_CONDITIONS = "DEBUG $(inherited)";
				SWIFT_OPTIMIZATION_LEVEL = "-Onone";
			};
			name = Debug;
		};
		B1CBACDC2B8928F800A01E75 /* Release */ = {
			isa = XCBuildConfiguration;
			buildSettings = {
				ALWAYS_SEARCH_USER_PATHS = NO;
				ASSETCATALOG_COMPILER_GENERATE_SWIFT_ASSET_SYMBOL_EXTENSIONS = YES;
				CLANG_ANALYZER_NONNULL = YES;
				CLANG_ANALYZER_NUMBER_OBJECT_CONVERSION = YES_AGGRESSIVE;
				CLANG_CXX_LANGUAGE_STANDARD = "gnu++20";
				CLANG_ENABLE_MODULES = YES;
				CLANG_ENABLE_OBJC_ARC = YES;
				CLANG_ENABLE_OBJC_WEAK = YES;
				CLANG_WARN_BLOCK_CAPTURE_AUTORELEASING = YES;
				CLANG_WARN_BOOL_CONVERSION = YES;
				CLANG_WARN_COMMA = YES;
				CLANG_WARN_CONSTANT_CONVERSION = YES;
				CLANG_WARN_DEPRECATED_OBJC_IMPLEMENTATIONS = YES;
				CLANG_WARN_DIRECT_OBJC_ISA_USAGE = YES_ERROR;
				CLANG_WARN_DOCUMENTATION_COMMENTS = YES;
				CLANG_WARN_EMPTY_BODY = YES;
				CLANG_WARN_ENUM_CONVERSION = YES;
				CLANG_WARN_INFINITE_RECURSION = YES;
				CLANG_WARN_INT_CONVERSION = YES;
				CLANG_WARN_NON_LITERAL_NULL_CONVERSION = YES;
				CLANG_WARN_OBJC_IMPLICIT_RETAIN_SELF = YES;
				CLANG_WARN_OBJC_LITERAL_CONVERSION = YES;
				CLANG_WARN_OBJC_ROOT_CLASS = YES_ERROR;
				CLANG_WARN_QUOTED_INCLUDE_IN_FRAMEWORK_HEADER = YES;
				CLANG_WARN_RANGE_LOOP_ANALYSIS = YES;
				CLANG_WARN_STRICT_PROTOTYPES = YES;
				CLANG_WARN_SUSPICIOUS_MOVE = YES;
				CLANG_WARN_UNGUARDED_AVAILABILITY = YES_AGGRESSIVE;
				CLANG_WARN_UNREACHABLE_CODE = YES;
				CLANG_WARN__DUPLICATE_METHOD_MATCH = YES;
				COPY_PHASE_STRIP = NO;
				DEBUG_INFORMATION_FORMAT = "dwarf-with-dsym";
				ENABLE_NS_ASSERTIONS = NO;
				ENABLE_STRICT_OBJC_MSGSEND = YES;
				ENABLE_USER_SCRIPT_SANDBOXING = YES;
				GCC_C_LANGUAGE_STANDARD = gnu17;
				GCC_NO_COMMON_BLOCKS = YES;
				GCC_WARN_64_TO_32_BIT_CONVERSION = YES;
				GCC_WARN_ABOUT_RETURN_TYPE = YES_ERROR;
				GCC_WARN_UNDECLARED_SELECTOR = YES;
				GCC_WARN_UNINITIALIZED_AUTOS = YES_AGGRESSIVE;
				GCC_WARN_UNUSED_FUNCTION = YES;
				GCC_WARN_UNUSED_VARIABLE = YES;
				IPHONEOS_DEPLOYMENT_TARGET = 17.2;
				LOCALIZATION_PREFERS_STRING_CATALOGS = YES;
				MTL_ENABLE_DEBUG_INFO = NO;
				MTL_FAST_MATH = YES;
				SDKROOT = iphoneos;
				SWIFT_COMPILATION_MODE = wholemodule;
				VALIDATE_PRODUCT = YES;
			};
			name = Release;
		};
		B1CBACDE2B8928F800A01E75 /* Debug */ = {
			isa = XCBuildConfiguration;
			baseConfigurationReference = 617C143C88118DF882C92CCE /* Pods-PlatziTweets.debug.xcconfig */;
			buildSettings = {
				ASSETCATALOG_COMPILER_APPICON_NAME = AppIcon;
				ASSETCATALOG_COMPILER_GLOBAL_ACCENT_COLOR_NAME = AccentColor;
				CODE_SIGN_STYLE = Automatic;
				CURRENT_PROJECT_VERSION = 1;
				ENABLE_USER_SCRIPT_SANDBOXING = NO;
				GENERATE_INFOPLIST_FILE = YES;
				INFOPLIST_FILE = PlatziTweets/Info.plist;
				INFOPLIST_KEY_CFBundleDisplayName = "Platzi Tweets";
				INFOPLIST_KEY_UIApplicationSupportsIndirectInputEvents = YES;
				INFOPLIST_KEY_UILaunchStoryboardName = LaunchScreen.storyboard;
				INFOPLIST_KEY_UIMainStoryboardFile = Welcome;
				INFOPLIST_KEY_UISupportedInterfaceOrientations = UIInterfaceOrientationPortrait;
				INFOPLIST_KEY_UISupportedInterfaceOrientations_iPad = "UIInterfaceOrientationLandscapeLeft UIInterfaceOrientationLandscapeRight UIInterfaceOrientationPortrait UIInterfaceOrientationPortraitUpsideDown";
				IPHONEOS_DEPLOYMENT_TARGET = 13.0;
				LD_RUNPATH_SEARCH_PATHS = (
					"$(inherited)",
					"@executable_path/Frameworks",
				);
				MARKETING_VERSION = 1.0;
				PRODUCT_BUNDLE_IDENTIFIER = com.hajduksanchez.PlatziTweets;
				PRODUCT_NAME = "$(TARGET_NAME)";
				SUPPORTED_PLATFORMS = "iphoneos iphonesimulator";
				SUPPORTS_MACCATALYST = NO;
				SUPPORTS_MAC_DESIGNED_FOR_IPHONE_IPAD = NO;
				SUPPORTS_XR_DESIGNED_FOR_IPHONE_IPAD = NO;
				SWIFT_EMIT_LOC_STRINGS = YES;
				SWIFT_VERSION = 5.0;
				TARGETED_DEVICE_FAMILY = 1;
			};
			name = Debug;
		};
		B1CBACDF2B8928F800A01E75 /* Release */ = {
			isa = XCBuildConfiguration;
			baseConfigurationReference = E2C7B3C274881B2A74E76F8A /* Pods-PlatziTweets.release.xcconfig */;
			buildSettings = {
				ASSETCATALOG_COMPILER_APPICON_NAME = AppIcon;
				ASSETCATALOG_COMPILER_GLOBAL_ACCENT_COLOR_NAME = AccentColor;
				CODE_SIGN_STYLE = Automatic;
				CURRENT_PROJECT_VERSION = 1;
				ENABLE_USER_SCRIPT_SANDBOXING = NO;
				GENERATE_INFOPLIST_FILE = YES;
				INFOPLIST_FILE = PlatziTweets/Info.plist;
				INFOPLIST_KEY_CFBundleDisplayName = "Platzi Tweets";
				INFOPLIST_KEY_UIApplicationSupportsIndirectInputEvents = YES;
				INFOPLIST_KEY_UILaunchStoryboardName = LaunchScreen.storyboard;
				INFOPLIST_KEY_UIMainStoryboardFile = Welcome;
				INFOPLIST_KEY_UISupportedInterfaceOrientations = UIInterfaceOrientationPortrait;
				INFOPLIST_KEY_UISupportedInterfaceOrientations_iPad = "UIInterfaceOrientationLandscapeLeft UIInterfaceOrientationLandscapeRight UIInterfaceOrientationPortrait UIInterfaceOrientationPortraitUpsideDown";
				IPHONEOS_DEPLOYMENT_TARGET = 13.0;
				LD_RUNPATH_SEARCH_PATHS = (
					"$(inherited)",
					"@executable_path/Frameworks",
				);
				MARKETING_VERSION = 1.0;
				PRODUCT_BUNDLE_IDENTIFIER = com.hajduksanchez.PlatziTweets;
				PRODUCT_NAME = "$(TARGET_NAME)";
				SUPPORTED_PLATFORMS = "iphoneos iphonesimulator";
				SUPPORTS_MACCATALYST = NO;
				SUPPORTS_MAC_DESIGNED_FOR_IPHONE_IPAD = NO;
				SUPPORTS_XR_DESIGNED_FOR_IPHONE_IPAD = NO;
				SWIFT_EMIT_LOC_STRINGS = YES;
				SWIFT_VERSION = 5.0;
				TARGETED_DEVICE_FAMILY = 1;
			};
			name = Release;
		};
/* End XCBuildConfiguration section */

/* Begin XCConfigurationList section */
		B1CBACC42B8928F700A01E75 /* Build configuration list for PBXProject "PlatziTweets" */ = {
			isa = XCConfigurationList;
			buildConfigurations = (
				B1CBACDB2B8928F800A01E75 /* Debug */,
				B1CBACDC2B8928F800A01E75 /* Release */,
			);
			defaultConfigurationIsVisible = 0;
			defaultConfigurationName = Release;
		};
		B1CBACDD2B8928F800A01E75 /* Build configuration list for PBXNativeTarget "PlatziTweets" */ = {
			isa = XCConfigurationList;
			buildConfigurations = (
				B1CBACDE2B8928F800A01E75 /* Debug */,
				B1CBACDF2B8928F800A01E75 /* Release */,
			);
			defaultConfigurationIsVisible = 0;
			defaultConfigurationName = Release;
		};
/* End XCConfigurationList section */
	};
	rootObject = B1CBACC12B8928F700A01E75 /* Project object */;
}
